
Microsoft Visual Studio Solution File, Format Version 12.00
# Visual Studio Version 16
VisualStudioVersion = 16.0.33214.272
MinimumVisualStudioVersion = 10.0.40219.1
Project("{FAE04EC0-301F-11D3-BF4B-00C04F79EFBC}") = "KisiselWebProje", "KisiselWebProje\KisiselWebProje.csproj", "{16253E7A-B71C-4671-B268-9807917036B0}"
EndProject
Global
	GlobalSection(SolutionConfigurationPlatforms) = preSolution
		Debug|Any CPU = Debug|Any CPU
		Release|Any CPU = Release|Any CPU
	EndGlobalSection
	GlobalSection(ProjectConfigurationPlatforms) = postSolution
		{16253E7A-B71C-4671-B268-9807917036B0}.Debug|Any CPU.ActiveCfg = Debug|Any CPU
		{16253E7A-B71C-4671-B268-9807917036B0}.Debug|Any CPU.Build.0 = Debug|Any CPU
		{16253E7A-B71C-4671-B268-9807917036B0}.Release|Any CPU.ActiveCfg = Release|Any CPU
		{16253E7A-B71C-4671-B268-9807917036B0}.Release|Any CPU.Build.0 = Release|Any CPU
	EndGlobalSection
	GlobalSection(SolutionProperties) = preSolution
		HideSolutionNode = FALSE
	EndGlobalSection
	GlobalSection(ExtensibilityGlobals) = postSolution
		SolutionGuid = {01EF5836-309E-4D15-8F42-7CA7AEFDD0D6}
	EndGlobalSection
EndGlobal
